
Microsoft Visual Studio Solution File, Format Version 12.00
# Visual Studio Version 17
VisualStudioVersion = 17.12.35209.166
MinimumVisualStudioVersion = 10.0.40219.1
Project("{FAE04EC0-301F-11D3-BF4B-00C04F79EFBC}") = "GuessWhoOnePiece", "GuessWhoOnePiece\GuessWhoOnePiece.csproj", "{97C14F7E-1719-4D03-B920-AFD9E5EB1181}"
EndProject
Project("{FAE04EC0-301F-11D3-BF4B-00C04F79EFBC}") = "GuessWhoOnePiece.Tests", "GuessWHoOnePiece.Tests\GuessWhoOnePiece.Tests.csproj", "{4C218DC8-4E84-4620-A7DA-81B7FB0CA33E}"
EndProject
Project("{FAE04EC0-301F-11D3-BF4B-00C04F79EFBC}") = "GuessWhoOnePiece.Model", "GuessWhoOnePiece.Model\GuessWhoOnePiece.Model.csproj", "{10864324-A356-42A2-9019-91E97BF427DD}"
EndProject
Project("{2150E333-8FDC-42A3-9474-1A3956D46DE8}") = "Éléments de solution", "Éléments de solution", "{C7071090-CE77-4F30-9064-F985FCE13C6F}"
EndProject
Project("{FAE04EC0-301F-11D3-BF4B-00C04F79EFBC}") = "GuessWhoOnePiece.UI", "GuessWhoOnePiece.UI\GuessWhoOnePiece.UI.csproj", "{9DE8E13E-BB2A-42AC-8C9C-5D6EED3C34B6}"
EndProject
Project("{FAE04EC0-301F-11D3-BF4B-00C04F79EFBC}") = "GuessWhoOnePiece.Services", "GuessWhoOnePiece.Services\GuessWhoOnePiece.Services.csproj", "{FD4A7E38-7CF6-4CC8-9922-DCE09373D936}"
EndProject
Global
	GlobalSection(SolutionConfigurationPlatforms) = preSolution
		Debug|Any CPU = Debug|Any CPU
		Release|Any CPU = Release|Any CPU
	EndGlobalSection
	GlobalSection(ProjectConfigurationPlatforms) = postSolution
		{97C14F7E-1719-4D03-B920-AFD9E5EB1181}.Debug|Any CPU.ActiveCfg = Debug|Any CPU
		{97C14F7E-1719-4D03-B920-AFD9E5EB1181}.Debug|Any CPU.Build.0 = Debug|Any CPU
		{97C14F7E-1719-4D03-B920-AFD9E5EB1181}.Debug|Any CPU.Deploy.0 = Debug|Any CPU
		{97C14F7E-1719-4D03-B920-AFD9E5EB1181}.Release|Any CPU.ActiveCfg = Release|Any CPU
		{97C14F7E-1719-4D03-B920-AFD9E5EB1181}.Release|Any CPU.Build.0 = Release|Any CPU
		{97C14F7E-1719-4D03-B920-AFD9E5EB1181}.Release|Any CPU.Deploy.0 = Release|Any CPU
		{4C218DC8-4E84-4620-A7DA-81B7FB0CA33E}.Debug|Any CPU.ActiveCfg = Debug|Any CPU
		{4C218DC8-4E84-4620-A7DA-81B7FB0CA33E}.Debug|Any CPU.Build.0 = Debug|Any CPU
		{4C218DC8-4E84-4620-A7DA-81B7FB0CA33E}.Release|Any CPU.ActiveCfg = Release|Any CPU
		{4C218DC8-4E84-4620-A7DA-81B7FB0CA33E}.Release|Any CPU.Build.0 = Release|Any CPU
		{10864324-A356-42A2-9019-91E97BF427DD}.Debug|Any CPU.ActiveCfg = Debug|Any CPU
		{10864324-A356-42A2-9019-91E97BF427DD}.Debug|Any CPU.Build.0 = Debug|Any CPU
		{10864324-A356-42A2-9019-91E97BF427DD}.Release|Any CPU.ActiveCfg = Release|Any CPU
		{10864324-A356-42A2-9019-91E97BF427DD}.Release|Any CPU.Build.0 = Release|Any CPU
		{9DE8E13E-BB2A-42AC-8C9C-5D6EED3C34B6}.Debug|Any CPU.ActiveCfg = Debug|Any CPU
		{9DE8E13E-BB2A-42AC-8C9C-5D6EED3C34B6}.Debug|Any CPU.Build.0 = Debug|Any CPU
		{9DE8E13E-BB2A-42AC-8C9C-5D6EED3C34B6}.Release|Any CPU.ActiveCfg = Release|Any CPU
		{9DE8E13E-BB2A-42AC-8C9C-5D6EED3C34B6}.Release|Any CPU.Build.0 = Release|Any CPU
		{FD4A7E38-7CF6-4CC8-9922-DCE09373D936}.Debug|Any CPU.ActiveCfg = Debug|Any CPU
		{FD4A7E38-7CF6-4CC8-9922-DCE09373D936}.Debug|Any CPU.Build.0 = Debug|Any CPU
		{FD4A7E38-7CF6-4CC8-9922-DCE09373D936}.Release|Any CPU.ActiveCfg = Release|Any CPU
		{FD4A7E38-7CF6-4CC8-9922-DCE09373D936}.Release|Any CPU.Build.0 = Release|Any CPU
	EndGlobalSection
	GlobalSection(SolutionProperties) = preSolution
		HideSolutionNode = FALSE
	EndGlobalSection
	GlobalSection(ExtensibilityGlobals) = postSolution
		SolutionGuid = {F82C69C2-E4F6-4D70-B924-6064818EDFD5}
	EndGlobalSection
EndGlobal
